PODS:
  - Bolts-Swift (1.2.0)
  - Bolts/Tasks (1.8.4)
  - Crashlytics (3.8.0):
    - Fabric (~> 1.6.3)
  - Fabric (1.6.8)
  - IQKeyboardManagerSwift (4.0.4)
  - NVActivityIndicatorView (2.10)
  - Parse (1.14.2):
    - Bolts/Tasks (~> 1.8)
  - ParseLiveQuery (1.0.1):
    - Bolts-Swift
    - Parse
    - SocketRocket
  - RSBarcodes_Swift (0.1.9)
  - SocketRocket (0.5.1)
  - SwiftSignatureView (1.0.2)

DEPENDENCIES:
  - Crashlytics
  - Fabric
  - IQKeyboardManagerSwift
  - NVActivityIndicatorView
  - Parse
  - ParseLiveQuery
  - RSBarcodes_Swift
  - SwiftSignatureView

SPEC CHECKSUMS:
  Bolts: 8a7995239dbe724f9cba2248b766d48b7ebdd322
  Bolts-Swift: ac4e7d26719ed0f73aa85b9310da1648105fbde3
  Crashlytics: 8601d9c74a4c4d28f3e7f408bf4c0e490c70e8b4
  Fabric: 5755268d0171435ab167e3d0878a28a777deaf10
  IQKeyboardManagerSwift: e0964d04d6a29b71016fd346dca13ecb80a2823a
  NVActivityIndicatorView: 5568608c3511690a42c4dd02f7a1de4361d670ae
  Parse: 4335d65f40cb3d43190d723144bbe1afb9c38230
  ParseLiveQuery: d0eb2528cdc5e3e2f836741b0a6db828c7e41307
  RSBarcodes_Swift: 3c37a05faa0c8742739e1b47eec2f0d3d786330f
  SocketRocket: d57c7159b83c3c6655745cd15302aa24b6bae531
  SwiftSignatureView: cd9c46de49f675d613000164bccbc8d3be1df357

PODFILE CHECKSUM: 80f9971aa42ec52dcc0b81a5d97b7a9692ef5c1a

COCOAPODS: 1.0.1
