// !$*UTF8*$!
{
	archiveVersion = 1;
	classes = {
	};
	objectVersion = 46;
	objects = {

/* Begin PBXBuildFile section */
		5D1D0C5743FBC9FC815F2CEC /* Pods_MobileTech.framework in Frameworks */ = {isa = PBXBuildFile; fileRef = 3476E84F1A3B2F10A7098DC1 /* Pods_MobileTech.framework */; };
		C9062D511D77CE4C002D0D0F /* LogIn.xcassets in Resources */ = {isa = PBXBuildFile; fileRef = C9062D501D77CE4C002D0D0F /* LogIn.xcassets */; };
		C9062D531D77CF65002D0D0F /* QRLogInScanViewController.swift in Sources */ = {isa = PBXBuildFile; fileRef = C9062D521D77CF65002D0D0F /* QRLogInScanViewController.swift */; };
		C9062D551D77D94B002D0D0F /* LogOutViewController.swift in Sources */ = {isa = PBXBuildFile; fileRef = C9062D541D77D94B002D0D0F /* LogOutViewController.swift */; };
		C9062D571D77E315002D0D0F /* WorkOrderModel.swift in Sources */ = {isa = PBXBuildFile; fileRef = C9062D561D77E315002D0D0F /* WorkOrderModel.swift */; };
		C958C50B1D726C0400437B22 /* AppDelegate.swift in Sources */ = {isa = PBXBuildFile; fileRef = C958C50A1D726C0400437B22 /* AppDelegate.swift */; };
		C958C5101D726C0400437B22 /* Main.storyboard in Resources */ = {isa = PBXBuildFile; fileRef = C958C50E1D726C0400437B22 /* Main.storyboard */; };
		C958C5121D726C0400437B22 /* Assets.xcassets in Resources */ = {isa = PBXBuildFile; fileRef = C958C5111D726C0400437B22 /* Assets.xcassets */; };
		C958C5151D726C0400437B22 /* LaunchScreen.storyboard in Resources */ = {isa = PBXBuildFile; fileRef = C958C5131D726C0400437B22 /* LaunchScreen.storyboard */; };
		C99D49F41D7274E000D39033 /* ServiceMainViewController.swift in Sources */ = {isa = PBXBuildFile; fileRef = C99D49F31D7274E000D39033 /* ServiceMainViewController.swift */; };
		C9CA5F1A1D7729B9007D6C0D /* Log In.storyboard in Resources */ = {isa = PBXBuildFile; fileRef = C9CA5F191D7729B9007D6C0D /* Log In.storyboard */; };
		C9CA5F1C1D772C82007D6C0D /* LogInViewController.swift in Sources */ = {isa = PBXBuildFile; fileRef = C9CA5F1B1D772C82007D6C0D /* LogInViewController.swift */; };
		C9DCE2C21D7548C40091DAA4 /* NoteObject.swift in Sources */ = {isa = PBXBuildFile; fileRef = C9DCE2C11D7548C40091DAA4 /* NoteObject.swift */; };
		C9DCE2C41D754BF90091DAA4 /* ServiceObject.swift in Sources */ = {isa = PBXBuildFile; fileRef = C9DCE2C31D754BF90091DAA4 /* ServiceObject.swift */; };
		C9DCE2C61D75D3E90091DAA4 /* SaveButtonTableViewController.swift in Sources */ = {isa = PBXBuildFile; fileRef = C9DCE2C51D75D3E90091DAA4 /* SaveButtonTableViewController.swift */; };
		C9DCE2CE1D75FE4A0091DAA4 /* PartsTableViewCell.swift in Sources */ = {isa = PBXBuildFile; fileRef = C9DCE2CD1D75FE4A0091DAA4 /* PartsTableViewCell.swift */; };
		C9DCE2D21D7652F40091DAA4 /* ServiceOrdersList.storyboard in Resources */ = {isa = PBXBuildFile; fileRef = C9DCE2D11D7652F40091DAA4 /* ServiceOrdersList.storyboard */; };
		C9DCE2D51D76540E0091DAA4 /* ServiceOrderList.xcassets in Resources */ = {isa = PBXBuildFile; fileRef = C9DCE2D41D76540E0091DAA4 /* ServiceOrderList.xcassets */; };
		C9DCE2D71D7656080091DAA4 /* MasterTableViewController.swift in Sources */ = {isa = PBXBuildFile; fileRef = C9DCE2D61D7656080091DAA4 /* MasterTableViewController.swift */; };
		C9DCE2D91D7676700091DAA4 /* MyAssignedTableViewController.swift in Sources */ = {isa = PBXBuildFile; fileRef = C9DCE2D81D7676700091DAA4 /* MyAssignedTableViewController.swift */; };
		C9DCE2DB1D767AA10091DAA4 /* ServiceOrderTableViewCell.swift in Sources */ = {isa = PBXBuildFile; fileRef = C9DCE2DA1D767AA10091DAA4 /* ServiceOrderTableViewCell.swift */; };
		C9DDCB821D73C9D5003F7C05 /* FloatersViewController.swift in Sources */ = {isa = PBXBuildFile; fileRef = C9DDCB811D73C9D5003F7C05 /* FloatersViewController.swift */; };
		C9DDCB841D73E55B003F7C05 /* NewNoteTableViewController.swift in Sources */ = {isa = PBXBuildFile; fileRef = C9DDCB831D73E55B003F7C05 /* NewNoteTableViewController.swift */; };
		C9FF9E381D7A964900D5A2F2 /* EmployeeModel.swift in Sources */ = {isa = PBXBuildFile; fileRef = C9FF9E371D7A964900D5A2F2 /* EmployeeModel.swift */; };
		C9FF9E3A1D7A97F500D5A2F2 /* MyAssignedTableViewCell.swift in Sources */ = {isa = PBXBuildFile; fileRef = C9FF9E391D7A97F500D5A2F2 /* MyAssignedTableViewCell.swift */; };
/* End PBXBuildFile section */

/* Begin PBXFileReference section */
		0114C981C4FC3F422B6EE377 /* Pods-MobileTech.debug.xcconfig */ = {isa = PBXFileReference; includeInIndex = 1; lastKnownFileType = text.xcconfig; name = "Pods-MobileTech.debug.xcconfig"; path = "Pods/Target Support Files/Pods-MobileTech/Pods-MobileTech.debug.xcconfig"; sourceTree = "<group>"; };
		3476E84F1A3B2F10A7098DC1 /* Pods_MobileTech.framework */ = {isa = PBXFileReference; explicitFileType = wrapper.framework; includeInIndex = 0; path = Pods_MobileTech.framework; sourceTree = BUILT_PRODUCTS_DIR; };
		A8F0A60A54427C6D437E664B /* Pods-MobileTech.release.xcconfig */ = {isa = PBXFileReference; includeInIndex = 1; lastKnownFileType = text.xcconfig; name = "Pods-MobileTech.release.xcconfig"; path = "Pods/Target Support Files/Pods-MobileTech/Pods-MobileTech.release.xcconfig"; sourceTree = "<group>"; };
		C9062D501D77CE4C002D0D0F /* LogIn.xcassets */ = {isa = PBXFileReference; lastKnownFileType = folder.assetcatalog; path = LogIn.xcassets; sourceTree = "<group>"; };
		C9062D521D77CF65002D0D0F /* QRLogInScanViewController.swift */ = {isa = PBXFileReference; fileEncoding = 4; lastKnownFileType = sourcecode.swift; path = QRLogInScanViewController.swift; sourceTree = "<group>"; };
		C9062D541D77D94B002D0D0F /* LogOutViewController.swift */ = {isa = PBXFileReference; fileEncoding = 4; lastKnownFileType = sourcecode.swift; path = LogOutViewController.swift; sourceTree = "<group>"; };
		C9062D561D77E315002D0D0F /* WorkOrderModel.swift */ = {isa = PBXFileReference; fileEncoding = 4; lastKnownFileType = sourcecode.swift; path = WorkOrderModel.swift; sourceTree = "<group>"; };
		C958C5071D726C0400437B22 /* MobileTech.app */ = {isa = PBXFileReference; explicitFileType = wrapper.application; includeInIndex = 0; path = MobileTech.app; sourceTree = BUILT_PRODUCTS_DIR; };
		C958C50A1D726C0400437B22 /* AppDelegate.swift */ = {isa = PBXFileReference; lastKnownFileType = sourcecode.swift; path = AppDelegate.swift; sourceTree = "<group>"; };
		C958C50F1D726C0400437B22 /* Base */ = {isa = PBXFileReference; lastKnownFileType = file.storyboard; name = Base; path = Base.lproj/Main.storyboard; sourceTree = "<group>"; };
		C958C5111D726C0400437B22 /* Assets.xcassets */ = {isa = PBXFileReference; lastKnownFileType = folder.assetcatalog; path = Assets.xcassets; sourceTree = "<group>"; };
		C958C5141D726C0400437B22 /* Base */ = {isa = PBXFileReference; lastKnownFileType = file.storyboard; name = Base; path = Base.lproj/LaunchScreen.storyboard; sourceTree = "<group>"; };
		C958C5161D726C0400437B22 /* Info.plist */ = {isa = PBXFileReference; lastKnownFileType = text.plist.xml; path = Info.plist; sourceTree = "<group>"; };
		C99D49F31D7274E000D39033 /* ServiceMainViewController.swift */ = {isa = PBXFileReference; fileEncoding = 4; lastKnownFileType = sourcecode.swift; path = ServiceMainViewController.swift; sourceTree = "<group>"; };
		C9CA5F191D7729B9007D6C0D /* Log In.storyboard */ = {isa = PBXFileReference; fileEncoding = 4; lastKnownFileType = file.storyboard; path = "Log In.storyboard"; sourceTree = "<group>"; };
		C9CA5F1B1D772C82007D6C0D /* LogInViewController.swift */ = {isa = PBXFileReference; fileEncoding = 4; lastKnownFileType = sourcecode.swift; path = LogInViewController.swift; sourceTree = "<group>"; };
		C9DCE2C11D7548C40091DAA4 /* NoteObject.swift */ = {isa = PBXFileReference; fileEncoding = 4; lastKnownFileType = sourcecode.swift; path = NoteObject.swift; sourceTree = "<group>"; };
		C9DCE2C31D754BF90091DAA4 /* ServiceObject.swift */ = {isa = PBXFileReference; fileEncoding = 4; lastKnownFileType = sourcecode.swift; path = ServiceObject.swift; sourceTree = "<group>"; };
		C9DCE2C51D75D3E90091DAA4 /* SaveButtonTableViewController.swift */ = {isa = PBXFileReference; fileEncoding = 4; lastKnownFileType = sourcecode.swift; path = SaveButtonTableViewController.swift; sourceTree = "<group>"; };
		C9DCE2CD1D75FE4A0091DAA4 /* PartsTableViewCell.swift */ = {isa = PBXFileReference; fileEncoding = 4; lastKnownFileType = sourcecode.swift; path = PartsTableViewCell.swift; sourceTree = "<group>"; };
		C9DCE2D11D7652F40091DAA4 /* ServiceOrdersList.storyboard */ = {isa = PBXFileReference; fileEncoding = 4; lastKnownFileType = file.storyboard; path = ServiceOrdersList.storyboard; sourceTree = "<group>"; };
		C9DCE2D41D76540E0091DAA4 /* ServiceOrderList.xcassets */ = {isa = PBXFileReference; lastKnownFileType = folder.assetcatalog; path = ServiceOrderList.xcassets; sourceTree = "<group>"; };
		C9DCE2D61D7656080091DAA4 /* MasterTableViewController.swift */ = {isa = PBXFileReference; fileEncoding = 4; lastKnownFileType = sourcecode.swift; path = MasterTableViewController.swift; sourceTree = "<group>"; };
		C9DCE2D81D7676700091DAA4 /* MyAssignedTableViewController.swift */ = {isa = PBXFileReference; fileEncoding = 4; lastKnownFileType = sourcecode.swift; path = MyAssignedTableViewController.swift; sourceTree = "<group>"; };
		C9DCE2DA1D767AA10091DAA4 /* ServiceOrderTableViewCell.swift */ = {isa = PBXFileReference; fileEncoding = 4; lastKnownFileType = sourcecode.swift; path = ServiceOrderTableViewCell.swift; sourceTree = "<group>"; };
		C9DDCB811D73C9D5003F7C05 /* FloatersViewController.swift */ = {isa = PBXFileReference; fileEncoding = 4; lastKnownFileType = sourcecode.swift; path = FloatersViewController.swift; sourceTree = "<group>"; };
		C9DDCB831D73E55B003F7C05 /* NewNoteTableViewController.swift */ = {isa = PBXFileReference; fileEncoding = 4; lastKnownFileType = sourcecode.swift; path = NewNoteTableViewController.swift; sourceTree = "<group>"; };
		C9FF9E371D7A964900D5A2F2 /* EmployeeModel.swift */ = {isa = PBXFileReference; fileEncoding = 4; lastKnownFileType = sourcecode.swift; path = EmployeeModel.swift; sourceTree = "<group>"; };
		C9FF9E391D7A97F500D5A2F2 /* MyAssignedTableViewCell.swift */ = {isa = PBXFileReference; fileEncoding = 4; lastKnownFileType = sourcecode.swift; path = MyAssignedTableViewCell.swift; sourceTree = "<group>"; };
/* End PBXFileReference section */

/* Begin PBXFrameworksBuildPhase section */
		C958C5041D726C0400437B22 /* Frameworks */ = {
			isa = PBXFrameworksBuildPhase;
			buildActionMask = 2147483647;
			files = (
				5D1D0C5743FBC9FC815F2CEC /* Pods_MobileTech.framework in Frameworks */,
			);
			runOnlyForDeploymentPostprocessing = 0;
		};
/* End PBXFrameworksBuildPhase section */

/* Begin PBXGroup section */
		65DE63992836EECA8D03EDD2 /* Pods */ = {
			isa = PBXGroup;
			children = (
				0114C981C4FC3F422B6EE377 /* Pods-MobileTech.debug.xcconfig */,
				A8F0A60A54427C6D437E664B /* Pods-MobileTech.release.xcconfig */,
			);
			name = Pods;
			sourceTree = "<group>";
		};
		6A5798065F3F0C1ACF30832B /* Frameworks */ = {
			isa = PBXGroup;
			children = (
				3476E84F1A3B2F10A7098DC1 /* Pods_MobileTech.framework */,
			);
			name = Frameworks;
			sourceTree = "<group>";
		};
		C958C4FE1D726C0400437B22 = {
			isa = PBXGroup;
			children = (
				C958C5091D726C0400437B22 /* MobileTech */,
				C958C5081D726C0400437B22 /* Products */,
				65DE63992836EECA8D03EDD2 /* Pods */,
				6A5798065F3F0C1ACF30832B /* Frameworks */,
			);
			sourceTree = "<group>";
		};
		C958C5081D726C0400437B22 /* Products */ = {
			isa = PBXGroup;
			children = (
				C958C5071D726C0400437B22 /* MobileTech.app */,
			);
			name = Products;
			sourceTree = "<group>";
		};
		C958C5091D726C0400437B22 /* MobileTech */ = {
			isa = PBXGroup;
			children = (
				C9CA5F181D7729AA007D6C0D /* Log In */,
				C9DCE2D31D7652FB0091DAA4 /* Service Order List */,
				C9DCE2C91D75FAAC0091DAA4 /* Main Service Screen */,
				C958C50A1D726C0400437B22 /* AppDelegate.swift */,
				C9DCE2C81D75FA940091DAA4 /* Floater Panels */,
				C958C5111D726C0400437B22 /* Assets.xcassets */,
				C958C5131D726C0400437B22 /* LaunchScreen.storyboard */,
				C958C5161D726C0400437B22 /* Info.plist */,
			);
			path = MobileTech;
			sourceTree = "<group>";
		};
		C9CA5F181D7729AA007D6C0D /* Log In */ = {
			isa = PBXGroup;
			children = (
				C9062D521D77CF65002D0D0F /* QRLogInScanViewController.swift */,
				C9CA5F191D7729B9007D6C0D /* Log In.storyboard */,
				C9062D501D77CE4C002D0D0F /* LogIn.xcassets */,
				C9CA5F1B1D772C82007D6C0D /* LogInViewController.swift */,
			);
			name = "Log In";
			sourceTree = "<group>";
		};
		C9DCE2C71D75FA880091DAA4 /* Notes Floater */ = {
			isa = PBXGroup;
			children = (
				C9DDCB831D73E55B003F7C05 /* NewNoteTableViewController.swift */,
				C9DCE2C11D7548C40091DAA4 /* NoteObject.swift */,
			);
			name = "Notes Floater";
			sourceTree = "<group>";
		};
		C9DCE2C81D75FA940091DAA4 /* Floater Panels */ = {
			isa = PBXGroup;
			children = (
				C9DDCB811D73C9D5003F7C05 /* FloatersViewController.swift */,
				C9DCE2CC1D75FDA60091DAA4 /* Parts Floater */,
				C9DCE2C71D75FA880091DAA4 /* Notes Floater */,
			);
			name = "Floater Panels";
			sourceTree = "<group>";
		};
		C9DCE2C91D75FAAC0091DAA4 /* Main Service Screen */ = {
			isa = PBXGroup;
			children = (
				C99D49F31D7274E000D39033 /* ServiceMainViewController.swift */,
				C958C50E1D726C0400437B22 /* Main.storyboard */,
				C9DCE2C51D75D3E90091DAA4 /* SaveButtonTableViewController.swift */,
				C9DCE2C31D754BF90091DAA4 /* ServiceObject.swift */,
			);
			name = "Main Service Screen";
			sourceTree = "<group>";
		};
		C9DCE2CC1D75FDA60091DAA4 /* Parts Floater */ = {
			isa = PBXGroup;
			children = (
				C9DCE2CD1D75FE4A0091DAA4 /* PartsTableViewCell.swift */,
			);
			name = "Parts Floater";
			sourceTree = "<group>";
		};
		C9DCE2D31D7652FB0091DAA4 /* Service Order List */ = {
			isa = PBXGroup;
			children = (
				C9062D541D77D94B002D0D0F /* LogOutViewController.swift */,
				C9DCE2D11D7652F40091DAA4 /* ServiceOrdersList.storyboard */,
				C9FF9E391D7A97F500D5A2F2 /* MyAssignedTableViewCell.swift */,
				C9DCE2DA1D767AA10091DAA4 /* ServiceOrderTableViewCell.swift */,
				C9DCE2D81D7676700091DAA4 /* MyAssignedTableViewController.swift */,
				C9FF9E371D7A964900D5A2F2 /* EmployeeModel.swift */,
				C9DCE2D61D7656080091DAA4 /* MasterTableViewController.swift */,
				C9062D561D77E315002D0D0F /* WorkOrderModel.swift */,
				C9DCE2D41D76540E0091DAA4 /* ServiceOrderList.xcassets */,
			);
			name = "Service Order List";
			sourceTree = "<group>";
		};
/* End PBXGroup section */

/* Begin PBXNativeTarget section */
		C958C5061D726C0400437B22 /* MobileTech */ = {
			isa = PBXNativeTarget;
			buildConfigurationList = C958C5191D726C0400437B22 /* Build configuration list for PBXNativeTarget "MobileTech" */;
			buildPhases = (
				2EEC79EE8E2B803FC92F0188 /* [CP] Check Pods Manifest.lock */,
				C958C5031D726C0400437B22 /* Sources */,
				C958C5041D726C0400437B22 /* Frameworks */,
				C958C5051D726C0400437B22 /* Resources */,
				A62E93786F690DE1C9388530 /* [CP] Embed Pods Frameworks */,
				7FE452F0D21833EB518EA51B /* [CP] Copy Pods Resources */,
			);
			buildRules = (
			);
			dependencies = (
			);
			name = MobileTech;
			productName = MobileTech;
			productReference = C958C5071D726C0400437B22 /* MobileTech.app */;
			productType = "com.apple.product-type.application";
		};
/* End PBXNativeTarget section */

/* Begin PBXProject section */
		C958C4FF1D726C0400437B22 /* Project object */ = {
			isa = PBXProject;
			attributes = {
				LastSwiftUpdateCheck = 0730;
				LastUpgradeCheck = 0730;
				ORGANIZATIONNAME = "Sparkle Pools, Inc.";
				TargetAttributes = {
					C958C5061D726C0400437B22 = {
						CreatedOnToolsVersion = 7.3.1;
						DevelopmentTeam = 62765ZZ5LE;
					};
				};
			};
			buildConfigurationList = C958C5021D726C0400437B22 /* Build configuration list for PBXProject "MobileTech" */;
			compatibilityVersion = "Xcode 3.2";
			developmentRegion = English;
			hasScannedForEncodings = 0;
			knownRegions = (
				en,
				Base,
			);
			mainGroup = C958C4FE1D726C0400437B22;
			productRefGroup = C958C5081D726C0400437B22 /* Products */;
			projectDirPath = "";
			projectRoot = "";
			targets = (
				C958C5061D726C0400437B22 /* MobileTech */,
			);
		};
/* End PBXProject section */

/* Begin PBXResourcesBuildPhase section */
		C958C5051D726C0400437B22 /* Resources */ = {
			isa = PBXResourcesBuildPhase;
			buildActionMask = 2147483647;
			files = (
				C9DCE2D51D76540E0091DAA4 /* ServiceOrderList.xcassets in Resources */,
				C9062D511D77CE4C002D0D0F /* LogIn.xcassets in Resources */,
				C958C5151D726C0400437B22 /* LaunchScreen.storyboard in Resources */,
				C958C5121D726C0400437B22 /* Assets.xcassets in Resources */,
				C9CA5F1A1D7729B9007D6C0D /* Log In.storyboard in Resources */,
				C958C5101D726C0400437B22 /* Main.storyboard in Resources */,
				C9DCE2D21D7652F40091DAA4 /* ServiceOrdersList.storyboard in Resources */,
			);
			runOnlyForDeploymentPostprocessing = 0;
		};
/* End PBXResourcesBuildPhase section */

/* Begin PBXShellScriptBuildPhase section */
		2EEC79EE8E2B803FC92F0188 /* [CP] Check Pods Manifest.lock */ = {
			isa = PBXShellScriptBuildPhase;
			buildActionMask = 2147483647;
			files = (
			);
			inputPaths = (
			);
			name = "[CP] Check Pods Manifest.lock";
			outputPaths = (
			);
			runOnlyForDeploymentPostprocessing = 0;
			shellPath = /bin/sh;
			shellScript = "diff \"${PODS_ROOT}/../Podfile.lock\" \"${PODS_ROOT}/Manifest.lock\" > /dev/null\nif [[ $? != 0 ]] ; then\n    cat << EOM\nerror: The sandbox is not in sync with the Podfile.lock. Run 'pod install' or update your CocoaPods installation.\nEOM\n    exit 1\nfi\n";
			showEnvVarsInLog = 0;
		};
		7FE452F0D21833EB518EA51B /* [CP] Copy Pods Resources */ = {
			isa = PBXShellScriptBuildPhase;
			buildActionMask = 2147483647;
			files = (
			);
			inputPaths = (
			);
			name = "[CP] Copy Pods Resources";
			outputPaths = (
			);
			runOnlyForDeploymentPostprocessing = 0;
			shellPath = /bin/sh;
			shellScript = "\"${SRCROOT}/Pods/Target Support Files/Pods-MobileTech/Pods-MobileTech-resources.sh\"\n";
			showEnvVarsInLog = 0;
		};
		A62E93786F690DE1C9388530 /* [CP] Embed Pods Frameworks */ = {
			isa = PBXShellScriptBuildPhase;
			buildActionMask = 2147483647;
			files = (
			);
			inputPaths = (
			);
			name = "[CP] Embed Pods Frameworks";
			outputPaths = (
			);
			runOnlyForDeploymentPostprocessing = 0;
			shellPath = /bin/sh;
			shellScript = "\"${SRCROOT}/Pods/Target Support Files/Pods-MobileTech/Pods-MobileTech-frameworks.sh\"\n";
			showEnvVarsInLog = 0;
		};
/* End PBXShellScriptBuildPhase section */

/* Begin PBXSourcesBuildPhase section */
		C958C5031D726C0400437B22 /* Sources */ = {
			isa = PBXSourcesBuildPhase;
			buildActionMask = 2147483647;
			files = (
				C9062D571D77E315002D0D0F /* WorkOrderModel.swift in Sources */,
				C9DCE2CE1D75FE4A0091DAA4 /* PartsTableViewCell.swift in Sources */,
				C9DDCB821D73C9D5003F7C05 /* FloatersViewController.swift in Sources */,
				C9FF9E3A1D7A97F500D5A2F2 /* MyAssignedTableViewCell.swift in Sources */,
				C9DCE2C61D75D3E90091DAA4 /* SaveButtonTableViewController.swift in Sources */,
				C9DDCB841D73E55B003F7C05 /* NewNoteTableViewController.swift in Sources */,
				C9DCE2D71D7656080091DAA4 /* MasterTableViewController.swift in Sources */,
				C958C50B1D726C0400437B22 /* AppDelegate.swift in Sources */,
				C9062D551D77D94B002D0D0F /* LogOutViewController.swift in Sources */,
				C9062D531D77CF65002D0D0F /* QRLogInScanViewController.swift in Sources */,
				C99D49F41D7274E000D39033 /* ServiceMainViewController.swift in Sources */,
				C9DCE2DB1D767AA10091DAA4 /* ServiceOrderTableViewCell.swift in Sources */,
				C9CA5F1C1D772C82007D6C0D /* LogInViewController.swift in Sources */,
				C9DCE2D91D7676700091DAA4 /* MyAssignedTableViewController.swift in Sources */,
				C9DCE2C41D754BF90091DAA4 /* ServiceObject.swift in Sources */,
				C9DCE2C21D7548C40091DAA4 /* NoteObject.swift in Sources */,
				C9FF9E381D7A964900D5A2F2 /* EmployeeModel.swift in Sources */,
			);
			runOnlyForDeploymentPostprocessing = 0;
		};
/* End PBXSourcesBuildPhase section */

/* Begin PBXVariantGroup section */
		C958C50E1D726C0400437B22 /* Main.storyboard */ = {
			isa = PBXVariantGroup;
			children = (
				C958C50F1D726C0400437B22 /* Base */,
			);
			name = Main.storyboard;
			sourceTree = "<group>";
		};
		C958C5131D726C0400437B22 /* LaunchScreen.storyboard */ = {
			isa = PBXVariantGroup;
			children = (
				C958C5141D726C0400437B22 /* Base */,
			);
			name = LaunchScreen.storyboard;
			sourceTree = "<group>";
		};
/* End PBXVariantGroup section */

/* Begin XCBuildConfiguration section */
		C958C5171D726C0400437B22 /* Debug */ = {
			isa = XCBuildConfiguration;
			buildSettings = {
				ALWAYS_SEARCH_USER_PATHS = NO;
				CLANG_ANALYZER_NONNULL = YES;
				CLANG_CXX_LANGUAGE_STANDARD = "gnu++0x";
				CLANG_CXX_LIBRARY = "libc++";
				CLANG_ENABLE_MODULES = YES;
				CLANG_ENABLE_OBJC_ARC = YES;
				CLANG_WARN_BOOL_CONVERSION = YES;
				CLANG_WARN_CONSTANT_CONVERSION = YES;
				CLANG_WARN_DIRECT_OBJC_ISA_USAGE = YES_ERROR;
				CLANG_WARN_EMPTY_BODY = YES;
				CLANG_WARN_ENUM_CONVERSION = YES;
				CLANG_WARN_INT_CONVERSION = YES;
				CLANG_WARN_OBJC_ROOT_CLASS = YES_ERROR;
				CLANG_WARN_UNREACHABLE_CODE = YES;
				CLANG_WARN__DUPLICATE_METHOD_MATCH = YES;
				"CODE_SIGN_IDENTITY[sdk=iphoneos*]" = "iPhone Developer";
				COPY_PHASE_STRIP = NO;
				DEBUG_INFORMATION_FORMAT = dwarf;
				ENABLE_STRICT_OBJC_MSGSEND = YES;
				ENABLE_TESTABILITY = YES;
				GCC_C_LANGUAGE_STANDARD = gnu99;
				GCC_DYNAMIC_NO_PIC = NO;
				GCC_NO_COMMON_BLOCKS = YES;
				GCC_OPTIMIZATION_LEVEL = 0;
				GCC_PREPROCESSOR_DEFINITIONS = (
					"DEBUG=1",
					"$(inherited)",
				);
				GCC_WARN_64_TO_32_BIT_CONVERSION = YES;
				GCC_WARN_ABOUT_RETURN_TYPE = YES_ERROR;
				GCC_WARN_UNDECLARED_SELECTOR = YES;
				GCC_WARN_UNINITIALIZED_AUTOS = YES_AGGRESSIVE;
				GCC_WARN_UNUSED_FUNCTION = YES;
				GCC_WARN_UNUSED_VARIABLE = YES;
				IPHONEOS_DEPLOYMENT_TARGET = 9.3;
				MTL_ENABLE_DEBUG_INFO = YES;
				ONLY_ACTIVE_ARCH = YES;
				SDKROOT = iphoneos;
				SWIFT_OPTIMIZATION_LEVEL = "-Onone";
				TARGETED_DEVICE_FAMILY = 2;
			};
			name = Debug;
		};
		C958C5181D726C0400437B22 /* Release */ = {
			isa = XCBuildConfiguration;
			buildSettings = {
				ALWAYS_SEARCH_USER_PATHS = NO;
				CLANG_ANALYZER_NONNULL = YES;
				CLANG_CXX_LANGUAGE_STANDARD = "gnu++0x";
				CLANG_CXX_LIBRARY = "libc++";
				CLANG_ENABLE_MODULES = YES;
				CLANG_ENABLE_OBJC_ARC = YES;
				CLANG_WARN_BOOL_CONVERSION = YES;
				CLANG_WARN_CONSTANT_CONVERSION = YES;
				CLANG_WARN_DIRECT_OBJC_ISA_USAGE = YES_ERROR;
				CLANG_WARN_EMPTY_BODY = YES;
				CLANG_WARN_ENUM_CONVERSION = YES;
				CLANG_WARN_INT_CONVERSION = YES;
				CLANG_WARN_OBJC_ROOT_CLASS = YES_ERROR;
				CLANG_WARN_UNREACHABLE_CODE = YES;
				CLANG_WARN__DUPLICATE_METHOD_MATCH = YES;
				"CODE_SIGN_IDENTITY[sdk=iphoneos*]" = "iPhone Developer";
				COPY_PHASE_STRIP = NO;
				DEBUG_INFORMATION_FORMAT = "dwarf-with-dsym";
				ENABLE_NS_ASSERTIONS = NO;
				ENABLE_STRICT_OBJC_MSGSEND = YES;
				GCC_C_LANGUAGE_STANDARD = gnu99;
				GCC_NO_COMMON_BLOCKS = YES;
				GCC_WARN_64_TO_32_BIT_CONVERSION = YES;
				GCC_WARN_ABOUT_RETURN_TYPE = YES_ERROR;
				GCC_WARN_UNDECLARED_SELECTOR = YES;
				GCC_WARN_UNINITIALIZED_AUTOS = YES_AGGRESSIVE;
				GCC_WARN_UNUSED_FUNCTION = YES;
				GCC_WARN_UNUSED_VARIABLE = YES;
				IPHONEOS_DEPLOYMENT_TARGET = 9.3;
				MTL_ENABLE_DEBUG_INFO = NO;
				SDKROOT = iphoneos;
				TARGETED_DEVICE_FAMILY = 2;
				VALIDATE_PRODUCT = YES;
			};
			name = Release;
		};
		C958C51A1D726C0400437B22 /* Debug */ = {
			isa = XCBuildConfiguration;
			baseConfigurationReference = 0114C981C4FC3F422B6EE377 /* Pods-MobileTech.debug.xcconfig */;
			buildSettings = {
				ASSETCATALOG_COMPILER_APPICON_NAME = AppIcon;
				CODE_SIGN_IDENTITY = "iPhone Developer";
				INFOPLIST_FILE = MobileTech/Info.plist;
				LD_RUNPATH_SEARCH_PATHS = "$(inherited) @executable_path/Frameworks";
				PRODUCT_BUNDLE_IDENTIFIER = com.mysparklepools.MobileTech;
				PRODUCT_NAME = "$(TARGET_NAME)";
			};
			name = Debug;
		};
		C958C51B1D726C0400437B22 /* Release */ = {
			isa = XCBuildConfiguration;
			baseConfigurationReference = A8F0A60A54427C6D437E664B /* Pods-MobileTech.release.xcconfig */;
			buildSettings = {
				ASSETCATALOG_COMPILER_APPICON_NAME = AppIcon;
				CODE_SIGN_IDENTITY = "iPhone Developer";
				INFOPLIST_FILE = MobileTech/Info.plist;
				LD_RUNPATH_SEARCH_PATHS = "$(inherited) @executable_path/Frameworks";
				PRODUCT_BUNDLE_IDENTIFIER = com.mysparklepools.MobileTech;
				PRODUCT_NAME = "$(TARGET_NAME)";
			};
			name = Release;
		};
/* End XCBuildConfiguration section */

/* Begin XCConfigurationList section */
		C958C5021D726C0400437B22 /* Build configuration list for PBXProject "MobileTech" */ = {
			isa = XCConfigurationList;
			buildConfigurations = (
				C958C5171D726C0400437B22 /* Debug */,
				C958C5181D726C0400437B22 /* Release */,
			);
			defaultConfigurationIsVisible = 0;
			defaultConfigurationName = Release;
		};
		C958C5191D726C0400437B22 /* Build configuration list for PBXNativeTarget "MobileTech" */ = {
			isa = XCConfigurationList;
			buildConfigurations = (
				C958C51A1D726C0400437B22 /* Debug */,
				C958C51B1D726C0400437B22 /* Release */,
			);
			defaultConfigurationIsVisible = 0;
			defaultConfigurationName = Release;
		};
/* End XCConfigurationList section */
	};
	rootObject = C958C4FF1D726C0400437B22 /* Project object */;
}
