// !$*UTF8*$!
{
	archiveVersion = 1;
	classes = {
	};
	objectVersion = 46;
	objects = {

/* Begin PBXBuildFile section */
		C958C50B1D726C0400437B22 /* AppDelegate.swift in Sources */ = {isa = PBXBuildFile; fileRef = C958C50A1D726C0400437B22 /* AppDelegate.swift */; };
		C958C50D1D726C0400437B22 /* ViewController.swift in Sources */ = {isa = PBXBuildFile; fileRef = C958C50C1D726C0400437B22 /* ViewController.swift */; };
		C958C5101D726C0400437B22 /* Main.storyboard in Resources */ = {isa = PBXBuildFile; fileRef = C958C50E1D726C0400437B22 /* Main.storyboard */; };
		C958C5121D726C0400437B22 /* Assets.xcassets in Resources */ = {isa = PBXBuildFile; fileRef = C958C5111D726C0400437B22 /* Assets.xcassets */; };
		C958C5151D726C0400437B22 /* LaunchScreen.storyboard in Resources */ = {isa = PBXBuildFile; fileRef = C958C5131D726C0400437B22 /* LaunchScreen.storyboard */; };
/* End PBXBuildFile section */

/* Begin PBXFileReference section */
		C958C5071D726C0400437B22 /* MobileTech.app */ = {isa = PBXFileReference; explicitFileType = wrapper.application; includeInIndex = 0; path = MobileTech.app; sourceTree = BUILT_PRODUCTS_DIR; };
		C958C50A1D726C0400437B22 /* AppDelegate.swift */ = {isa = PBXFileReference; lastKnownFileType = sourcecode.swift; path = AppDelegate.swift; sourceTree = "<group>"; };
		C958C50C1D726C0400437B22 /* ViewController.swift */ = {isa = PBXFileReference; lastKnownFileType = sourcecode.swift; path = ViewController.swift; sourceTree = "<group>"; };
		C958C50F1D726C0400437B22 /* Base */ = {isa = PBXFileReference; lastKnownFileType = file.storyboard; name = Base; path = Base.lproj/Main.storyboard; sourceTree = "<group>"; };
		C958C5111D726C0400437B22 /* Assets.xcassets */ = {isa = PBXFileReference; lastKnownFileType = folder.assetcatalog; path = Assets.xcassets; sourceTree = "<group>"; };
		C958C5141D726C0400437B22 /* Base */ = {isa = PBXFileReference; lastKnownFileType = file.storyboard; name = Base; path = Base.lproj/LaunchScreen.storyboard; sourceTree = "<group>"; };
		C958C5161D726C0400437B22 /* Info.plist */ = {isa = PBXFileReference; lastKnownFileType = text.plist.xml; path = Info.plist; sourceTree = "<group>"; };
/* End PBXFileReference section */

/* Begin PBXFrameworksBuildPhase section */
		C958C5041D726C0400437B22 /* Frameworks */ = {
			isa = PBXFrameworksBuildPhase;
			buildActionMask = 2147483647;
			files = (
			);
			runOnlyForDeploymentPostprocessing = 0;
		};
/* End PBXFrameworksBuildPhase section */

/* Begin PBXGroup section */
		C958C4FE1D726C0400437B22 = {
			isa = PBXGroup;
			children = (
				C958C5091D726C0400437B22 /* MobileTech */,
				C958C5081D726C0400437B22 /* Products */,
			);
			sourceTree = "<group>";
		};
		C958C5081D726C0400437B22 /* Products */ = {
			isa = PBXGroup;
			children = (
				C958C5071D726C0400437B22 /* MobileTech.app */,
			);
			name = Products;
			sourceTree = "<group>";
		};
		C958C5091D726C0400437B22 /* MobileTech */ = {
			isa = PBXGroup;
			children = (
				C958C50A1D726C0400437B22 /* AppDelegate.swift */,
				C958C50C1D726C0400437B22 /* ViewController.swift */,
				C958C50E1D726C0400437B22 /* Main.storyboard */,
				C958C5111D726C0400437B22 /* Assets.xcassets */,
				C958C5131D726C0400437B22 /* LaunchScreen.storyboard */,
				C958C5161D726C0400437B22 /* Info.plist */,
			);
			path = MobileTech;
			sourceTree = "<group>";
		};
/* End PBXGroup section */

/* Begin PBXNativeTarget section */
		C958C5061D726C0400437B22 /* MobileTech */ = {
			isa = PBXNativeTarget;
			buildConfigurationList = C958C5191D726C0400437B22 /* Build configuration list for PBXNativeTarget "MobileTech" */;
			buildPhases = (
				C958C5031D726C0400437B22 /* Sources */,
				C958C5041D726C0400437B22 /* Frameworks */,
				C958C5051D726C0400437B22 /* Resources */,
			);
			buildRules = (
			);
			dependencies = (
			);
			name = MobileTech;
			productName = MobileTech;
			productReference = C958C5071D726C0400437B22 /* MobileTech.app */;
			productType = "com.apple.product-type.application";
		};
/* End PBXNativeTarget section */

/* Begin PBXProject section */
		C958C4FF1D726C0400437B22 /* Project object */ = {
			isa = PBXProject;
			attributes = {
				LastSwiftUpdateCheck = 0730;
				LastUpgradeCheck = 0730;
				ORGANIZATIONNAME = "Sparkle Pools, Inc.";
				TargetAttributes = {
					C958C5061D726C0400437B22 = {
						CreatedOnToolsVersion = 7.3.1;
						DevelopmentTeam = 62765ZZ5LE;
					};
				};
			};
			buildConfigurationList = C958C5021D726C0400437B22 /* Build configuration list for PBXProject "MobileTech" */;
			compatibilityVersion = "Xcode 3.2";
			developmentRegion = English;
			hasScannedForEncodings = 0;
			knownRegions = (
				en,
				Base,
			);
			mainGroup = C958C4FE1D726C0400437B22;
			productRefGroup = C958C5081D726C0400437B22 /* Products */;
			projectDirPath = "";
			projectRoot = "";
			targets = (
				C958C5061D726C0400437B22 /* MobileTech */,
			);
		};
/* End PBXProject section */

/* Begin PBXResourcesBuildPhase section */
		C958C5051D726C0400437B22 /* Resources */ = {
			isa = PBXResourcesBuildPhase;
			buildActionMask = 2147483647;
			files = (
				C958C5151D726C0400437B22 /* LaunchScreen.storyboard in Resources */,
				C958C5121D726C0400437B22 /* Assets.xcassets in Resources */,
				C958C5101D726C0400437B22 /* Main.storyboard in Resources */,
			);
			runOnlyForDeploymentPostprocessing = 0;
		};
/* End PBXResourcesBuildPhase section */

/* Begin PBXSourcesBuildPhase section */
		C958C5031D726C0400437B22 /* Sources */ = {
			isa = PBXSourcesBuildPhase;
			buildActionMask = 2147483647;
			files = (
				C958C50D1D726C0400437B22 /* ViewController.swift in Sources */,
				C958C50B1D726C0400437B22 /* AppDelegate.swift in Sources */,
			);
			runOnlyForDeploymentPostprocessing = 0;
		};
/* End PBXSourcesBuildPhase section */

/* Begin PBXVariantGroup section */
		C958C50E1D726C0400437B22 /* Main.storyboard */ = {
			isa = PBXVariantGroup;
			children = (
				C958C50F1D726C0400437B22 /* Base */,
			);
			name = Main.storyboard;
			sourceTree = "<group>";
		};
		C958C5131D726C0400437B22 /* LaunchScreen.storyboard */ = {
			isa = PBXVariantGroup;
			children = (
				C958C5141D726C0400437B22 /* Base */,
			);
			name = LaunchScreen.storyboard;
			sourceTree = "<group>";
		};
/* End PBXVariantGroup section */

/* Begin XCBuildConfiguration section */
		C958C5171D726C0400437B22 /* Debug */ = {
			isa = XCBuildConfiguration;
			buildSettings = {
				ALWAYS_SEARCH_USER_PATHS = NO;
				CLANG_ANALYZER_NONNULL = YES;
				CLANG_CXX_LANGUAGE_STANDARD = "gnu++0x";
				CLANG_CXX_LIBRARY = "libc++";
				CLANG_ENABLE_MODULES = YES;
				CLANG_ENABLE_OBJC_ARC = YES;
				CLANG_WARN_BOOL_CONVERSION = YES;
				CLANG_WARN_CONSTANT_CONVERSION = YES;
				CLANG_WARN_DIRECT_OBJC_ISA_USAGE = YES_ERROR;
				CLANG_WARN_EMPTY_BODY = YES;
				CLANG_WARN_ENUM_CONVERSION = YES;
				CLANG_WARN_INT_CONVERSION = YES;
				CLANG_WARN_OBJC_ROOT_CLASS = YES_ERROR;
				CLANG_WARN_UNREACHABLE_CODE = YES;
				CLANG_WARN__DUPLICATE_METHOD_MATCH = YES;
				"CODE_SIGN_IDENTITY[sdk=iphoneos*]" = "iPhone Developer";
				COPY_PHASE_STRIP = NO;
				DEBUG_INFORMATION_FORMAT = dwarf;
				ENABLE_STRICT_OBJC_MSGSEND = YES;
				ENABLE_TESTABILITY = YES;
				GCC_C_LANGUAGE_STANDARD = gnu99;
				GCC_DYNAMIC_NO_PIC = NO;
				GCC_NO_COMMON_BLOCKS = YES;
				GCC_OPTIMIZATION_LEVEL = 0;
				GCC_PREPROCESSOR_DEFINITIONS = (
					"DEBUG=1",
					"$(inherited)",
				);
				GCC_WARN_64_TO_32_BIT_CONVERSION = YES;
				GCC_WARN_ABOUT_RETURN_TYPE = YES_ERROR;
				GCC_WARN_UNDECLARED_SELECTOR = YES;
				GCC_WARN_UNINITIALIZED_AUTOS = YES_AGGRESSIVE;
				GCC_WARN_UNUSED_FUNCTION = YES;
				GCC_WARN_UNUSED_VARIABLE = YES;
				IPHONEOS_DEPLOYMENT_TARGET = 9.3;
				MTL_ENABLE_DEBUG_INFO = YES;
				ONLY_ACTIVE_ARCH = YES;
				SDKROOT = iphoneos;
				SWIFT_OPTIMIZATION_LEVEL = "-Onone";
				TARGETED_DEVICE_FAMILY = 2;
			};
			name = Debug;
		};
		C958C5181D726C0400437B22 /* Release */ = {
			isa = XCBuildConfiguration;
			buildSettings = {
				ALWAYS_SEARCH_USER_PATHS = NO;
				CLANG_ANALYZER_NONNULL = YES;
				CLANG_CXX_LANGUAGE_STANDARD = "gnu++0x";
				CLANG_CXX_LIBRARY = "libc++";
				CLANG_ENABLE_MODULES = YES;
				CLANG_ENABLE_OBJC_ARC = YES;
				CLANG_WARN_BOOL_CONVERSION = YES;
				CLANG_WARN_CONSTANT_CONVERSION = YES;
				CLANG_WARN_DIRECT_OBJC_ISA_USAGE = YES_ERROR;
				CLANG_WARN_EMPTY_BODY = YES;
				CLANG_WARN_ENUM_CONVERSION = YES;
				CLANG_WARN_INT_CONVERSION = YES;
				CLANG_WARN_OBJC_ROOT_CLASS = YES_ERROR;
				CLANG_WARN_UNREACHABLE_CODE = YES;
				CLANG_WARN__DUPLICATE_METHOD_MATCH = YES;
				"CODE_SIGN_IDENTITY[sdk=iphoneos*]" = "iPhone Developer";
				COPY_PHASE_STRIP = NO;
				DEBUG_INFORMATION_FORMAT = "dwarf-with-dsym";
				ENABLE_NS_ASSERTIONS = NO;
				ENABLE_STRICT_OBJC_MSGSEND = YES;
				GCC_C_LANGUAGE_STANDARD = gnu99;
				GCC_NO_COMMON_BLOCKS = YES;
				GCC_WARN_64_TO_32_BIT_CONVERSION = YES;
				GCC_WARN_ABOUT_RETURN_TYPE = YES_ERROR;
				GCC_WARN_UNDECLARED_SELECTOR = YES;
				GCC_WARN_UNINITIALIZED_AUTOS = YES_AGGRESSIVE;
				GCC_WARN_UNUSED_FUNCTION = YES;
				GCC_WARN_UNUSED_VARIABLE = YES;
				IPHONEOS_DEPLOYMENT_TARGET = 9.3;
				MTL_ENABLE_DEBUG_INFO = NO;
				SDKROOT = iphoneos;
				TARGETED_DEVICE_FAMILY = 2;
				VALIDATE_PRODUCT = YES;
			};
			name = Release;
		};
		C958C51A1D726C0400437B22 /* Debug */ = {
			isa = XCBuildConfiguration;
			buildSettings = {
				ASSETCATALOG_COMPILER_APPICON_NAME = AppIcon;
				CODE_SIGN_IDENTITY = "iPhone Developer";
				INFOPLIST_FILE = MobileTech/Info.plist;
				LD_RUNPATH_SEARCH_PATHS = "$(inherited) @executable_path/Frameworks";
				PRODUCT_BUNDLE_IDENTIFIER = com.mysparklepools.MobileTech;
				PRODUCT_NAME = "$(TARGET_NAME)";
			};
			name = Debug;
		};
		C958C51B1D726C0400437B22 /* Release */ = {
			isa = XCBuildConfiguration;
			buildSettings = {
				ASSETCATALOG_COMPILER_APPICON_NAME = AppIcon;
				CODE_SIGN_IDENTITY = "iPhone Developer";
				INFOPLIST_FILE = MobileTech/Info.plist;
				LD_RUNPATH_SEARCH_PATHS = "$(inherited) @executable_path/Frameworks";
				PRODUCT_BUNDLE_IDENTIFIER = com.mysparklepools.MobileTech;
				PRODUCT_NAME = "$(TARGET_NAME)";
			};
			name = Release;
		};
/* End XCBuildConfiguration section */

/* Begin XCConfigurationList section */
		C958C5021D726C0400437B22 /* Build configuration list for PBXProject "MobileTech" */ = {
			isa = XCConfigurationList;
			buildConfigurations = (
				C958C5171D726C0400437B22 /* Debug */,
				C958C5181D726C0400437B22 /* Release */,
			);
			defaultConfigurationIsVisible = 0;
			defaultConfigurationName = Release;
		};
		C958C5191D726C0400437B22 /* Build configuration list for PBXNativeTarget "MobileTech" */ = {
			isa = XCConfigurationList;
			buildConfigurations = (
				C958C51A1D726C0400437B22 /* Debug */,
				C958C51B1D726C0400437B22 /* Release */,
			);
			defaultConfigurationIsVisible = 0;
		};
/* End XCConfigurationList section */
	};
	rootObject = C958C4FF1D726C0400437B22 /* Project object */;
}
